PODS:
  - Alamofire (3.3.1)
  - Realm (1.1.0):
    - Realm/Headers (= 1.1.0)
  - Realm/Headers (1.1.0)

DEPENDENCIES:
  - Alamofire (~> 3.3.1)
  - Realm (~> 1.1.0)

SPEC CHECKSUMS:
  Alamofire: 369bc67b6f5ac33ded3648d7bd21c5bfb91c2ecc
  Realm: ceecf1a4540c4ce9efe196fe73fa9855bce05bd8

PODFILE CHECKSUM: 30d3c548ecca9579384dde97ab4b40bae03b061d

COCOAPODS: 1.0.1
